# This file is automatically @generated by Cargo.
# It is not intended for manual editing.
version = 4

[[package]]
name = "harvester_app"
version = "0.1.0"
dependencies = [
 "harvester_core",
 "harvester_engine",
]

[[package]]
name = "harvester_core"
version = "0.1.0"

[[package]]
name = "harvester_engine"
version = "0.1.0"
